
Microsoft Visual Studio Solution File, Format Version 12.00
# Visual Studio Version 17
VisualStudioVersion = 17.5.002.0
MinimumVisualStudioVersion = 10.0.40219.1
Project("{9A19103F-16F7-4668-BE54-9A1E7A4F7556}") = "OOP", "OOP.csproj", "{E7396351-148B-4946-AC91-4EA95AE8BCE5}"
EndProject
Global
	GlobalSection(SolutionConfigurationPlatforms) = preSolution
		Debug|Any CPU = Debug|Any CPU
		Release|Any CPU = Release|Any CPU
	EndGlobalSection
	GlobalSection(ProjectConfigurationPlatforms) = postSolution
		{E7396351-148B-4946-AC91-4EA95AE8BCE5}.Debug|Any CPU.ActiveCfg = Debug|Any CPU
		{E7396351-148B-4946-AC91-4EA95AE8BCE5}.Debug|Any CPU.Build.0 = Debug|Any CPU
		{E7396351-148B-4946-AC91-4EA95AE8BCE5}.Release|Any CPU.ActiveCfg = Release|Any CPU
		{E7396351-148B-4946-AC91-4EA95AE8BCE5}.Release|Any CPU.Build.0 = Release|Any CPU
	EndGlobalSection
	GlobalSection(SolutionProperties) = preSolution
		HideSolutionNode = FALSE
	EndGlobalSection
	GlobalSection(ExtensibilityGlobals) = postSolution
		SolutionGuid = {905582A1-793D-4282-936C-76562D37AE10}
	EndGlobalSection
EndGlobal
